PODS:
  - PusherSwift (4.2.1)

DEPENDENCIES:
  - PusherSwift (from `https://github.com/pusher/pusher-websocket-swift.git`, branch `swift-3.2`)

EXTERNAL SOURCES:
  PusherSwift:
    :branch: swift-3.2
    :git: https://github.com/pusher/pusher-websocket-swift.git

CHECKOUT OPTIONS:
  PusherSwift:
    :commit: f89207931401652c39b1201da187f8274329c9ab
    :git: https://github.com/pusher/pusher-websocket-swift.git

SPEC CHECKSUMS:
  PusherSwift: 0f0dddcca01e99d16da22bb995e820f5b274a483

PODFILE CHECKSUM: e59b8aa60b17751e9f660b281b58cf35c7c0653b

COCOAPODS: 1.2.1
